// !$*UTF8*$!
{
	archiveVersion = 1;
	classes = {
	};
	objectVersion = 46;
	objects = {

/* Begin PBXBuildFile section */
		CB2ED9E11F57FD9C00C036CD /* main.swift in Sources */ = {isa = PBXBuildFile; fileRef = CB2ED9E01F57FD9C00C036CD /* main.swift */; };
		CB2ED9E81F57FF5300C036CD /* ProductProtocol.swift in Sources */ = {isa = PBXBuildFile; fileRef = CB2ED9E71F57FF5300C036CD /* ProductProtocol.swift */; };
		CB2ED9EA1F57FF6B00C036CD /* Factory.swift in Sources */ = {isa = PBXBuildFile; fileRef = CB2ED9E91F57FF6B00C036CD /* Factory.swift */; };
		CB2ED9EC1F58083000C036CD /* BMW320.swift in Sources */ = {isa = PBXBuildFile; fileRef = CB2ED9EB1F58083000C036CD /* BMW320.swift */; };
		CB2ED9EE1F5808CE00C036CD /* BMW523.swift in Sources */ = {isa = PBXBuildFile; fileRef = CB2ED9ED1F5808CE00C036CD /* BMW523.swift */; };
		CB2ED9F01F58098F00C036CD /* ProductType.swift in Sources */ = {isa = PBXBuildFile; fileRef = CB2ED9EF1F58098F00C036CD /* ProductType.swift */; };
/* End PBXBuildFile section */

/* Begin PBXCopyFilesBuildPhase section */
		CB2ED9DB1F57FD9C00C036CD /* CopyFiles */ = {
			isa = PBXCopyFilesBuildPhase;
			buildActionMask = 2147483647;
			dstPath = /usr/share/man/man1/;
			dstSubfolderSpec = 0;
			files = (
			);
			runOnlyForDeploymentPostprocessing = 1;
		};
/* End PBXCopyFilesBuildPhase section */

/* Begin PBXFileReference section */
		CB2ED9DD1F57FD9C00C036CD /* Factory */ = {isa = PBXFileReference; explicitFileType = "compiled.mach-o.executable"; includeInIndex = 0; path = Factory; sourceTree = BUILT_PRODUCTS_DIR; };
		CB2ED9E01F57FD9C00C036CD /* main.swift */ = {isa = PBXFileReference; lastKnownFileType = sourcecode.swift; path = main.swift; sourceTree = "<group>"; };
		CB2ED9E71F57FF5300C036CD /* ProductProtocol.swift */ = {isa = PBXFileReference; fileEncoding = 4; lastKnownFileType = sourcecode.swift; path = ProductProtocol.swift; sourceTree = "<group>"; };
		CB2ED9E91F57FF6B00C036CD /* Factory.swift */ = {isa = PBXFileReference; fileEncoding = 4; lastKnownFileType = sourcecode.swift; path = Factory.swift; sourceTree = "<group>"; };
		CB2ED9EB1F58083000C036CD /* BMW320.swift */ = {isa = PBXFileReference; fileEncoding = 4; lastKnownFileType = sourcecode.swift; path = BMW320.swift; sourceTree = "<group>"; };
		CB2ED9ED1F5808CE00C036CD /* BMW523.swift */ = {isa = PBXFileReference; fileEncoding = 4; lastKnownFileType = sourcecode.swift; path = BMW523.swift; sourceTree = "<group>"; };
		CB2ED9EF1F58098F00C036CD /* ProductType.swift */ = {isa = PBXFileReference; fileEncoding = 4; lastKnownFileType = sourcecode.swift; path = ProductType.swift; sourceTree = "<group>"; };
/* End PBXFileReference section */

/* Begin PBXFrameworksBuildPhase section */
		CB2ED9DA1F57FD9C00C036CD /* Frameworks */ = {
			isa = PBXFrameworksBuildPhase;
			buildActionMask = 2147483647;
			files = (
			);
			runOnlyForDeploymentPostprocessing = 0;
		};
/* End PBXFrameworksBuildPhase section */

/* Begin PBXGroup section */
		CB2ED9D41F57FD9C00C036CD = {
			isa = PBXGroup;
			children = (
				CB2ED9DF1F57FD9C00C036CD /* Factory */,
				CB2ED9DE1F57FD9C00C036CD /* Products */,
			);
			sourceTree = "<group>";
		};
		CB2ED9DE1F57FD9C00C036CD /* Products */ = {
			isa = PBXGroup;
			children = (
				CB2ED9DD1F57FD9C00C036CD /* Factory */,
			);
			name = Products;
			sourceTree = "<group>";
		};
		CB2ED9DF1F57FD9C00C036CD /* Factory */ = {
			isa = PBXGroup;
			children = (
				CB2ED9E01F57FD9C00C036CD /* main.swift */,
				CB2ED9E71F57FF5300C036CD /* ProductProtocol.swift */,
				CB2ED9E91F57FF6B00C036CD /* Factory.swift */,
				CB2ED9EB1F58083000C036CD /* BMW320.swift */,
				CB2ED9ED1F5808CE00C036CD /* BMW523.swift */,
				CB2ED9EF1F58098F00C036CD /* ProductType.swift */,
			);
			path = Factory;
			sourceTree = "<group>";
		};
/* End PBXGroup section */

/* Begin PBXNativeTarget section */
		CB2ED9DC1F57FD9C00C036CD /* Factory */ = {
			isa = PBXNativeTarget;
			buildConfigurationList = CB2ED9E41F57FD9C00C036CD /* Build configuration list for PBXNativeTarget "Factory" */;
			buildPhases = (
				CB2ED9D91F57FD9C00C036CD /* Sources */,
				CB2ED9DA1F57FD9C00C036CD /* Frameworks */,
				CB2ED9DB1F57FD9C00C036CD /* CopyFiles */,
			);
			buildRules = (
			);
			dependencies = (
			);
			name = Factory;
			productName = Factory;
			productReference = CB2ED9DD1F57FD9C00C036CD /* Factory */;
			productType = "com.apple.product-type.tool";
		};
/* End PBXNativeTarget section */

/* Begin PBXProject section */
		CB2ED9D51F57FD9C00C036CD /* Project object */ = {
			isa = PBXProject;
			attributes = {
				LastSwiftUpdateCheck = 0830;
				LastUpgradeCheck = 0830;
				ORGANIZATIONNAME = YangXiaodong;
				TargetAttributes = {
					CB2ED9DC1F57FD9C00C036CD = {
						CreatedOnToolsVersion = 8.3.3;
						ProvisioningStyle = Automatic;
					};
				};
			};
			buildConfigurationList = CB2ED9D81F57FD9C00C036CD /* Build configuration list for PBXProject "Factory" */;
			compatibilityVersion = "Xcode 3.2";
			developmentRegion = English;
			hasScannedForEncodings = 0;
			knownRegions = (
				en,
			);
			mainGroup = CB2ED9D41F57FD9C00C036CD;
			productRefGroup = CB2ED9DE1F57FD9C00C036CD /* Products */;
			projectDirPath = "";
			projectRoot = "";
			targets = (
				CB2ED9DC1F57FD9C00C036CD /* Factory */,
			);
		};
/* End PBXProject section */

/* Begin PBXSourcesBuildPhase section */
		CB2ED9D91F57FD9C00C036CD /* Sources */ = {
			isa = PBXSourcesBuildPhase;
			buildActionMask = 2147483647;
			files = (
				CB2ED9E11F57FD9C00C036CD /* main.swift in Sources */,
				CB2ED9E81F57FF5300C036CD /* ProductProtocol.swift in Sources */,
				CB2ED9EE1F5808CE00C036CD /* BMW523.swift in Sources */,
				CB2ED9EC1F58083000C036CD /* BMW320.swift in Sources */,
				CB2ED9EA1F57FF6B00C036CD /* Factory.swift in Sources */,
				CB2ED9F01F58098F00C036CD /* ProductType.swift in Sources */,
			);
			runOnlyForDeploymentPostprocessing = 0;
		};
/* End PBXSourcesBuildPhase section */

/* Begin XCBuildConfiguration section */
		CB2ED9E21F57FD9C00C036CD /* Debug */ = {
			isa = XCBuildConfiguration;
			buildSettings = {
				ALWAYS_SEARCH_USER_PATHS = NO;
				CLANG_ANALYZER_NONNULL = YES;
				CLANG_ANALYZER_NUMBER_OBJECT_CONVERSION = YES_AGGRESSIVE;
				CLANG_CXX_LANGUAGE_STANDARD = "gnu++0x";
				CLANG_CXX_LIBRARY = "libc++";
				CLANG_ENABLE_MODULES = YES;
				CLANG_ENABLE_OBJC_ARC = YES;
				CLANG_WARN_BOOL_CONVERSION = YES;
				CLANG_WARN_CONSTANT_CONVERSION = YES;
				CLANG_WARN_DIRECT_OBJC_ISA_USAGE = YES_ERROR;
				CLANG_WARN_DOCUMENTATION_COMMENTS = YES;
				CLANG_WARN_EMPTY_BODY = YES;
				CLANG_WARN_ENUM_CONVERSION = YES;
				CLANG_WARN_INFINITE_RECURSION = YES;
				CLANG_WARN_INT_CONVERSION = YES;
				CLANG_WARN_OBJC_ROOT_CLASS = YES_ERROR;
				CLANG_WARN_SUSPICIOUS_MOVE = YES;
				CLANG_WARN_UNREACHABLE_CODE = YES;
				CLANG_WARN__DUPLICATE_METHOD_MATCH = YES;
				CODE_SIGN_IDENTITY = "-";
				COPY_PHASE_STRIP = NO;
				DEBUG_INFORMATION_FORMAT = dwarf;
				ENABLE_STRICT_OBJC_MSGSEND = YES;
				ENABLE_TESTABILITY = YES;
				GCC_C_LANGUAGE_STANDARD = gnu99;
				GCC_DYNAMIC_NO_PIC = NO;
				GCC_NO_COMMON_BLOCKS = YES;
				GCC_OPTIMIZATION_LEVEL = 0;
				GCC_PREPROCESSOR_DEFINITIONS = (
					"DEBUG=1",
					"$(inherited)",
				);
				GCC_WARN_64_TO_32_BIT_CONVERSION = YES;
				GCC_WARN_ABOUT_RETURN_TYPE = YES_ERROR;
				GCC_WARN_UNDECLARED_SELECTOR = YES;
				GCC_WARN_UNINITIALIZED_AUTOS = YES_AGGRESSIVE;
				GCC_WARN_UNUSED_FUNCTION = YES;
				GCC_WARN_UNUSED_VARIABLE = YES;
				MACOSX_DEPLOYMENT_TARGET = 10.12;
				MTL_ENABLE_DEBUG_INFO = YES;
				ONLY_ACTIVE_ARCH = YES;
				SDKROOT = macosx;
				SWIFT_OPTIMIZATION_LEVEL = "-Onone";
			};
			name = Debug;
		};
		CB2ED9E31F57FD9C00C036CD /* Release */ = {
			isa = XCBuildConfiguration;
			buildSettings = {
				ALWAYS_SEARCH_USER_PATHS = NO;
				CLANG_ANALYZER_NONNULL = YES;
				CLANG_ANALYZER_NUMBER_OBJECT_CONVERSION = YES_AGGRESSIVE;
				CLANG_CXX_LANGUAGE_STANDARD = "gnu++0x";
				CLANG_CXX_LIBRARY = "libc++";
				CLANG_ENABLE_MODULES = YES;
				CLANG_ENABLE_OBJC_ARC = YES;
				CLANG_WARN_BOOL_CONVERSION = YES;
				CLANG_WARN_CONSTANT_CONVERSION = YES;
				CLANG_WARN_DIRECT_OBJC_ISA_USAGE = YES_ERROR;
				CLANG_WARN_DOCUMENTATION_COMMENTS = YES;
				CLANG_WARN_EMPTY_BODY = YES;
				CLANG_WARN_ENUM_CONVERSION = YES;
				CLANG_WARN_INFINITE_RECURSION = YES;
				CLANG_WARN_INT_CONVERSION = YES;
				CLANG_WARN_OBJC_ROOT_CLASS = YES_ERROR;
				CLANG_WARN_SUSPICIOUS_MOVE = YES;
				CLANG_WARN_UNREACHABLE_CODE = YES;
				CLANG_WARN__DUPLICATE_METHOD_MATCH = YES;
				CODE_SIGN_IDENTITY = "-";
				COPY_PHASE_STRIP = NO;
				DEBUG_INFORMATION_FORMAT = "dwarf-with-dsym";
				ENABLE_NS_ASSERTIONS = NO;
				ENABLE_STRICT_OBJC_MSGSEND = YES;
				GCC_C_LANGUAGE_STANDARD = gnu99;
				GCC_NO_COMMON_BLOCKS = YES;
				GCC_WARN_64_TO_32_BIT_CONVERSION = YES;
				GCC_WARN_ABOUT_RETURN_TYPE = YES_ERROR;
				GCC_WARN_UNDECLARED_SELECTOR = YES;
				GCC_WARN_UNINITIALIZED_AUTOS = YES_AGGRESSIVE;
				GCC_WARN_UNUSED_FUNCTION = YES;
				GCC_WARN_UNUSED_VARIABLE = YES;
				MACOSX_DEPLOYMENT_TARGET = 10.12;
				MTL_ENABLE_DEBUG_INFO = NO;
				SDKROOT = macosx;
			};
			name = Release;
		};
		CB2ED9E51F57FD9C00C036CD /* Debug */ = {
			isa = XCBuildConfiguration;
			buildSettings = {
				PRODUCT_NAME = "$(TARGET_NAME)";
				SWIFT_VERSION = 3.0;
			};
			name = Debug;
		};
		CB2ED9E61F57FD9C00C036CD /* Release */ = {
			isa = XCBuildConfiguration;
			buildSettings = {
				PRODUCT_NAME = "$(TARGET_NAME)";
				SWIFT_VERSION = 3.0;
			};
			name = Release;
		};
/* End XCBuildConfiguration section */

/* Begin XCConfigurationList section */
		CB2ED9D81F57FD9C00C036CD /* Build configuration list for PBXProject "Factory" */ = {
			isa = XCConfigurationList;
			buildConfigurations = (
				CB2ED9E21F57FD9C00C036CD /* Debug */,
				CB2ED9E31F57FD9C00C036CD /* Release */,
			);
			defaultConfigurationIsVisible = 0;
			defaultConfigurationName = Release;
		};
		CB2ED9E41F57FD9C00C036CD /* Build configuration list for PBXNativeTarget "Factory" */ = {
			isa = XCConfigurationList;
			buildConfigurations = (
				CB2ED9E51F57FD9C00C036CD /* Debug */,
				CB2ED9E61F57FD9C00C036CD /* Release */,
			);
			defaultConfigurationIsVisible = 0;
		};
/* End XCConfigurationList section */
	};
	rootObject = CB2ED9D51F57FD9C00C036CD /* Project object */;
}
